{
  "name": "my portfolio",
  "lockfileVersion": 3,
  "requires": true,
  "packages": {
    "": {
      "dependencies": {
        "@fontsource/inter": "^5.2.6",
        "@fontsource/source-sans-pro": "^5.2.5",
        "framer-motion": "^12.23.1"
      }
    },
    "node_modules/@fontsource/inter": {
      "version": "5.2.6",
      "resolved": "https://registry.npmjs.org/@fontsource/inter/-/inter-5.2.6.tgz",
      "integrity": "sha512-CZs9S1CrjD0jPwsNy9W6j0BhsmRSQrgwlTNkgQXTsAeDRM42LBRLo3eo9gCzfH4GvV7zpyf78Ozfl773826csw==",
      "license": "OFL-1.1",
      "funding": {
        "url": "https://github.com/sponsors/ayuhito"
      }
    },
    "node_modules/@fontsource/source-sans-pro": {
      "version": "5.2.5",
      "resolved": "https://registry.npmjs.org/@fontsource/source-sans-pro/-/source-sans-pro-5.2.5.tgz",
      "integrity": "sha512-ypendqc4pYUc+EgF7qqPY9iVYEz1t/Qr03VojKxG/2g3dnpHa1B6DOlDxWQjQXDj5QrG6inEqGT0g+edjALZyg==",
      "license": "OFL-1.1"
    },
    "node_modules/framer-motion": {
      "version": "12.23.1",
      "resolved": "https://registry.npmjs.org/framer-motion/-/framer-motion-12.23.1.tgz",
      "integrity": "sha512-7P1t2DnKEUXvPxVZJu9Hd4gfdoUF6z9U3w3/MUXCVFNHiFV+iSoboqeK4/ZCCpa49/ZiVEWfaaYCPscqPPsOVQ==",
      "license": "MIT",
      "dependencies": {
        "motion-dom": "^12.23.1",
        "motion-utils": "^12.23.1",
        "tslib": "^2.4.0"
      },
      "peerDependencies": {
        "@emotion/is-prop-valid": "*",
        "react": "^18.0.0 || ^19.0.0",
        "react-dom": "^18.0.0 || ^19.0.0"
      },
      "peerDependenciesMeta": {
        "@emotion/is-prop-valid": {
          "optional": true
        },
        "react": {
          "optional": true
        },
        "react-dom": {
          "optional": true
        }
      }
    },
    "node_modules/motion-dom": {
      "version": "12.23.1",
      "resolved": "https://registry.npmjs.org/motion-dom/-/motion-dom-12.23.1.tgz",
      "integrity": "sha512-kcMDS8yhUZgO7iu3FB0UYZpHUymZlj4aoEqH0Vf0k3JtZA0xfYIrmbDlKn6X7+INXV3hDAIBUf4aT5jEUHvvWQ==",
      "license": "MIT",
      "dependencies": {
        "motion-utils": "^12.23.1"
      }
    },
    "node_modules/motion-utils": {
      "version": "12.23.1",
      "resolved": "https://registry.npmjs.org/motion-utils/-/motion-utils-12.23.1.tgz",
      "integrity": "sha512-coqLmHUTBA1KyBNEO64sTCWlduDV5Q6Yv0szjxnHVzZmcFYpVowyP6S38iOUlhocannaCCHlZ06lyLWQe/jheQ==",
      "license": "MIT"
    },
    "node_modules/tslib": {
      "version": "2.8.1",
      "resolved": "https://registry.npmjs.org/tslib/-/tslib-2.8.1.tgz",
      "integrity": "sha512-oJFu94HQb+KVduSUQL7wnpmqnfmLsOA/nAh6b6EH0wCEoK0/mPeXU6c3wKDV83MkOuHPRHtSXKKU99IBazS/2w==",
      "license": "0BSD"
    }
  }
}
